
Microsoft Visual Studio Solution File, Format Version 12.00
# Visual Studio Version 17
VisualStudioVersion = 17.10.34916.146
MinimumVisualStudioVersion = 10.0.40219.1
Project("{FAE04EC0-301F-11D3-BF4B-00C04F79EFBC}") = "Game.Console", "Game.Console\Game.Console.csproj", "{76EA4325-8369-4BD6-98A4-775C4A1F26CC}"
EndProject
Global
	GlobalSection(SolutionConfigurationPlatforms) = preSolution
		Debug|Any CPU = Debug|Any CPU
		Release|Any CPU = Release|Any CPU
	EndGlobalSection
	GlobalSection(ProjectConfigurationPlatforms) = postSolution
		{76EA4325-8369-4BD6-98A4-775C4A1F26CC}.Debug|Any CPU.ActiveCfg = Debug|Any CPU
		{76EA4325-8369-4BD6-98A4-775C4A1F26CC}.Debug|Any CPU.Build.0 = Debug|Any CPU
		{76EA4325-8369-4BD6-98A4-775C4A1F26CC}.Release|Any CPU.ActiveCfg = Release|Any CPU
		{76EA4325-8369-4BD6-98A4-775C4A1F26CC}.Release|Any CPU.Build.0 = Release|Any CPU
	EndGlobalSection
	GlobalSection(SolutionProperties) = preSolution
		HideSolutionNode = FALSE
	EndGlobalSection
	GlobalSection(ExtensibilityGlobals) = postSolution
		SolutionGuid = {BB004EFA-BDC2-470A-84E4-BF1345AE9B81}
	EndGlobalSection
EndGlobal
